
Microsoft Visual Studio Solution File, Format Version 12.00
# Visual Studio Version 17
VisualStudioVersion = 17.9.34622.214
MinimumVisualStudioVersion = 10.0.40219.1
Project("{D2ABAB84-BF74-430A-B69E-9DC6D40DDA17}") = "UserAnalysisWarhouse", "UserAnalysisWarhouse.dwproj", "{C9B43A7C-EA96-44A8-9AA5-6E5CD3E9108D}"
EndProject
Global
	GlobalSection(SolutionConfigurationPlatforms) = preSolution
		Development|Default = Development|Default
	EndGlobalSection
	GlobalSection(ProjectConfigurationPlatforms) = postSolution
		{C9B43A7C-EA96-44A8-9AA5-6E5CD3E9108D}.Development|Default.ActiveCfg = Development
		{C9B43A7C-EA96-44A8-9AA5-6E5CD3E9108D}.Development|Default.Build.0 = Development
		{C9B43A7C-EA96-44A8-9AA5-6E5CD3E9108D}.Development|Default.Deploy.0 = Development
	EndGlobalSection
	GlobalSection(SolutionProperties) = preSolution
		HideSolutionNode = FALSE
	EndGlobalSection
	GlobalSection(ExtensibilityGlobals) = postSolution
		SolutionGuid = {DBD2676F-9CAE-4E47-9F26-1B6B6CC60D90}
	EndGlobalSection
EndGlobal
